{
  "originHash" : "49a3377b5eba129c63b0dcb78a8c2067b7014908d321c53f9589310df1e2741f",
  "pins" : [
    {
      "identity" : "logoutloud",
      "kind" : "remoteSourceControl",
      "location" : "https://github.com/Aeastr/LogOutLoud.git",
      "state" : {
        "revision" : "8b1fb61045d78bd674e4061805e5e6cc69d06950",
        "version" : "2.1.2"
      }
    },
    {
      "identity" : "obfuscate",
      "kind" : "remoteSourceControl",
      "location" : "https://github.com/Aeastr/Obfuscate.git",
      "state" : {
        "revision" : "03bc039fefebf4150cfa594cc68dc83dede068ff",
        "version" : "1.0.0"
      }
    },
    {
      "identity" : "portal",
      "kind" : "remoteSourceControl",
      "location" : "https://github.com/Aeastr/Portal",
      "state" : {
        "revision" : "d097cf13b4f6a25e258183931fa147be5474c66e",
        "version" : "4.2.6"
      }
    },
    {
      "identity" : "swift-log",
      "kind" : "remoteSourceControl",
      "location" : "https://github.com/apple/swift-log.git",
      "state" : {
        "revision" : "ce592ae52f982c847a4efc0dd881cc9eb32d29f2",
        "version" : "1.6.4"
      }
    },
    {
      "identity" : "swift-syntax",
      "kind" : "remoteSourceControl",
      "location" : "https://github.com/swiftlang/swift-syntax",
      "state" : {
        "revision" : "0687f71944021d616d34d922343dcef086855920",
        "version" : "600.0.1"
      }
    }
  ],
  "version" : 3
}
